
Microsoft Visual Studio Solution File, Format Version 12.00
# Visual Studio Version 16
VisualStudioVersion = 16.0.31613.86
MinimumVisualStudioVersion = 10.0.40219.1
Project("{FAE04EC0-301F-11D3-BF4B-00C04F79EFBC}") = "PlaygroundForPoco", "PlaygroundForPoco\PlaygroundForPoco.csproj", "{1420C8DB-AFBC-4D49-95B9-3DEF66FD47C1}"
EndProject
Global
	GlobalSection(SolutionConfigurationPlatforms) = preSolution
		Debug|Any CPU = Debug|Any CPU
		Release|Any CPU = Release|Any CPU
	EndGlobalSection
	GlobalSection(ProjectConfigurationPlatforms) = postSolution
		{1420C8DB-AFBC-4D49-95B9-3DEF66FD47C1}.Debug|Any CPU.ActiveCfg = Debug|Any CPU
		{1420C8DB-AFBC-4D49-95B9-3DEF66FD47C1}.Debug|Any CPU.Build.0 = Debug|Any CPU
		{1420C8DB-AFBC-4D49-95B9-3DEF66FD47C1}.Release|Any CPU.ActiveCfg = Release|Any CPU
		{1420C8DB-AFBC-4D49-95B9-3DEF66FD47C1}.Release|Any CPU.Build.0 = Release|Any CPU
	EndGlobalSection
	GlobalSection(SolutionProperties) = preSolution
		HideSolutionNode = FALSE
	EndGlobalSection
	GlobalSection(ExtensibilityGlobals) = postSolution
		SolutionGuid = {4CC2B6D2-86B4-416E-B951-E43A61620224}
	EndGlobalSection
EndGlobal
