
Microsoft Visual Studio Solution File, Format Version 12.00
# Visual Studio Version 16
VisualStudioVersion = 16.0.31613.86
MinimumVisualStudioVersion = 10.0.40219.1
Project("{FAE04EC0-301F-11D3-BF4B-00C04F79EFBC}") = "CalenderForFriends", "CalenderForFriends\CalenderForFriends.csproj", "{04520E04-90B6-4DAE-A1E6-8FC978F8816F}"
EndProject
Global
	GlobalSection(SolutionConfigurationPlatforms) = preSolution
		Debug|Any CPU = Debug|Any CPU
		Release|Any CPU = Release|Any CPU
	EndGlobalSection
	GlobalSection(ProjectConfigurationPlatforms) = postSolution
		{04520E04-90B6-4DAE-A1E6-8FC978F8816F}.Debug|Any CPU.ActiveCfg = Debug|Any CPU
		{04520E04-90B6-4DAE-A1E6-8FC978F8816F}.Debug|Any CPU.Build.0 = Debug|Any CPU
		{04520E04-90B6-4DAE-A1E6-8FC978F8816F}.Release|Any CPU.ActiveCfg = Release|Any CPU
		{04520E04-90B6-4DAE-A1E6-8FC978F8816F}.Release|Any CPU.Build.0 = Release|Any CPU
	EndGlobalSection
	GlobalSection(SolutionProperties) = preSolution
		HideSolutionNode = FALSE
	EndGlobalSection
	GlobalSection(ExtensibilityGlobals) = postSolution
		SolutionGuid = {E9747C53-C084-470F-A4C4-1461CE09F618}
	EndGlobalSection
EndGlobal
