
Microsoft Visual Studio Solution File, Format Version 12.00
# Visual Studio Version 16
VisualStudioVersion = 16.0.31613.86
MinimumVisualStudioVersion = 10.0.40219.1
Project("{FAE04EC0-301F-11D3-BF4B-00C04F79EFBC}") = "PlaygroundAPI", "PlaygroundAPI\PlaygroundAPI.csproj", "{F62B7F9C-241D-47B8-8EE8-9B13268910D3}"
EndProject
Global
	GlobalSection(SolutionConfigurationPlatforms) = preSolution
		Debug|Any CPU = Debug|Any CPU
		Release|Any CPU = Release|Any CPU
	EndGlobalSection
	GlobalSection(ProjectConfigurationPlatforms) = postSolution
		{F62B7F9C-241D-47B8-8EE8-9B13268910D3}.Debug|Any CPU.ActiveCfg = Debug|Any CPU
		{F62B7F9C-241D-47B8-8EE8-9B13268910D3}.Debug|Any CPU.Build.0 = Debug|Any CPU
		{F62B7F9C-241D-47B8-8EE8-9B13268910D3}.Release|Any CPU.ActiveCfg = Release|Any CPU
		{F62B7F9C-241D-47B8-8EE8-9B13268910D3}.Release|Any CPU.Build.0 = Release|Any CPU
	EndGlobalSection
	GlobalSection(SolutionProperties) = preSolution
		HideSolutionNode = FALSE
	EndGlobalSection
	GlobalSection(ExtensibilityGlobals) = postSolution
		SolutionGuid = {318A564F-CA39-44CF-A0C8-E721CFB7AD90}
	EndGlobalSection
EndGlobal
